{
  "version": 4,
  "terraform_version": "0.13.4",
  "serial": 7,
  "lineage": "bc5fc976-fc26-026d-4798-198b9220d4d6",
  "outputs": {
    "eip": {
      "value": {
        "allocation_id": null,
        "associate_with_private_ip": null,
        "association_id": "",
        "customer_owned_ip": "",
        "customer_owned_ipv4_pool": "",
        "domain": "vpc",
        "id": "eipalloc-0ae35059c3b4d4643",
        "instance": "",
        "network_interface": "",
        "private_dns": null,
        "private_ip": "",
        "public_dns": "ec2-44-238-214-253.us-west-2.compute.amazonaws.com",
        "public_ip": "44.238.214.253",
        "public_ipv4_pool": "amazon",
        "tags": null,
        "timeouts": null,
        "vpc": true
      },
      "type": [
        "object",
        {
          "allocation_id": "string",
          "associate_with_private_ip": "string",
          "association_id": "string",
          "customer_owned_ip": "string",
          "customer_owned_ipv4_pool": "string",
          "domain": "string",
          "id": "string",
          "instance": "string",
          "network_interface": "string",
          "private_dns": "string",
          "private_ip": "string",
          "public_dns": "string",
          "public_ip": "string",
          "public_ipv4_pool": "string",
          "tags": [
            "map",
            "string"
          ],
          "timeouts": [
            "object",
            {
              "delete": "string",
              "read": "string",
              "update": "string"
            }
          ],
          "vpc": "bool"
        }
      ]
    }
  },
  "resources": [
    {
      "mode": "managed",
      "type": "aws_eip",
      "name": "lb",
      "provider": "provider[\"registry.terraform.io/hashicorp/aws\"]",
      "instances": [
        {
          "schema_version": 0,
          "attributes": {
            "allocation_id": null,
            "associate_with_private_ip": null,
            "association_id": "",
            "customer_owned_ip": "",
            "customer_owned_ipv4_pool": "",
            "domain": "vpc",
            "id": "eipalloc-0ae35059c3b4d4643",
            "instance": "",
            "network_interface": "",
            "private_dns": null,
            "private_ip": "",
            "public_dns": "ec2-44-238-214-253.us-west-2.compute.amazonaws.com",
            "public_ip": "44.238.214.253",
            "public_ipv4_pool": "amazon",
            "tags": null,
            "timeouts": null,
            "vpc": true
          },
          "private": "eyJlMmJmYjczMC1lY2FhLTExZTYtOGY4OC0zNDM2M2JjN2M0YzAiOnsiZGVsZXRlIjoxODAwMDAwMDAwMDAsInJlYWQiOjkwMDAwMDAwMDAwMCwidXBkYXRlIjozMDAwMDAwMDAwMDB9fQ=="
        }
      ]
    }
  ]
}
