{
  "version": 4,
  "terraform_version": "0.13.4",
  "serial": 3,
  "lineage": "b917d099-8502-51fd-cda4-9d1267b5c8de",
  "outputs": {
    "eip": {
      "value": {
        "allocation_id": null,
        "associate_with_private_ip": null,
        "association_id": "",
        "customer_owned_ip": "",
        "customer_owned_ipv4_pool": "",
        "domain": "vpc",
        "id": "eipalloc-0d1137126f66cc68e",
        "instance": "",
        "network_interface": "",
        "private_dns": null,
        "private_ip": "",
        "public_dns": "ec2-44-239-222-221.us-west-2.compute.amazonaws.com",
        "public_ip": "44.239.222.221",
        "public_ipv4_pool": "amazon",
        "tags": {},
        "timeouts": null,
        "vpc": true
      },
      "type": [
        "object",
        {
          "allocation_id": "string",
          "associate_with_private_ip": "string",
          "association_id": "string",
          "customer_owned_ip": "string",
          "customer_owned_ipv4_pool": "string",
          "domain": "string",
          "id": "string",
          "instance": "string",
          "network_interface": "string",
          "private_dns": "string",
          "private_ip": "string",
          "public_dns": "string",
          "public_ip": "string",
          "public_ipv4_pool": "string",
          "tags": [
            "map",
            "string"
          ],
          "timeouts": [
            "object",
            {
              "delete": "string",
              "read": "string",
              "update": "string"
            }
          ],
          "vpc": "bool"
        }
      ]
    },
    "mys3bucket": {
      "value": {
        "acceleration_status": null,
        "acl": "private",
        "arn": null,
        "bucket": "kplabs-attribute-demo-001",
        "bucket_domain_name": null,
        "bucket_prefix": null,
        "bucket_regional_domain_name": null,
        "cors_rule": [],
        "force_destroy": false,
        "grant": [],
        "hosted_zone_id": null,
        "id": null,
        "lifecycle_rule": [],
        "logging": [],
        "object_lock_configuration": [],
        "policy": null,
        "region": null,
        "replication_configuration": [],
        "request_payer": null,
        "server_side_encryption_configuration": [],
        "tags": null,
        "versioning": null,
        "website": [],
        "website_domain": null,
        "website_endpoint": null
      },
      "type": [
        "object",
        {
          "acceleration_status": "string",
          "acl": "string",
          "arn": "string",
          "bucket": "string",
          "bucket_domain_name": "string",
          "bucket_prefix": "string",
          "bucket_regional_domain_name": "string",
          "cors_rule": [
            "list",
            [
              "object",
              {
                "allowed_headers": [
                  "list",
                  "string"
                ],
                "allowed_methods": [
                  "list",
                  "string"
                ],
                "allowed_origins": [
                  "list",
                  "string"
                ],
                "expose_headers": [
                  "list",
                  "string"
                ],
                "max_age_seconds": "number"
              }
            ]
          ],
          "force_destroy": "bool",
          "grant": [
            "set",
            [
              "object",
              {
                "id": "string",
                "permissions": [
                  "set",
                  "string"
                ],
                "type": "string",
                "uri": "string"
              }
            ]
          ],
          "hosted_zone_id": "string",
          "id": "string",
          "lifecycle_rule": [
            "list",
            [
              "object",
              {
                "abort_incomplete_multipart_upload_days": "number",
                "enabled": "bool",
                "expiration": [
                  "list",
                  [
                    "object",
                    {
                      "date": "string",
                      "days": "number",
                      "expired_object_delete_marker": "bool"
                    }
                  ]
                ],
                "id": "string",
                "noncurrent_version_expiration": [
                  "list",
                  [
                    "object",
                    {
                      "days": "number"
                    }
                  ]
                ],
                "noncurrent_version_transition": [
                  "set",
                  [
                    "object",
                    {
                      "days": "number",
                      "storage_class": "string"
                    }
                  ]
                ],
                "prefix": "string",
                "tags": [
                  "map",
                  "string"
                ],
                "transition": [
                  "set",
                  [
                    "object",
                    {
                      "date": "string",
                      "days": "number",
                      "storage_class": "string"
                    }
                  ]
                ]
              }
            ]
          ],
          "logging": [
            "set",
            [
              "object",
              {
                "target_bucket": "string",
                "target_prefix": "string"
              }
            ]
          ],
          "object_lock_configuration": [
            "list",
            [
              "object",
              {
                "object_lock_enabled": "string",
                "rule": [
                  "list",
                  [
                    "object",
                    {
                      "default_retention": [
                        "list",
                        [
                          "object",
                          {
                            "days": "number",
                            "mode": "string",
                            "years": "number"
                          }
                        ]
                      ]
                    }
                  ]
                ]
              }
            ]
          ],
          "policy": "string",
          "region": "string",
          "replication_configuration": [
            "list",
            [
              "object",
              {
                "role": "string",
                "rules": [
                  "set",
                  [
                    "object",
                    {
                      "destination": [
                        "list",
                        [
                          "object",
                          {
                            "access_control_translation": [
                              "list",
                              [
                                "object",
                                {
                                  "owner": "string"
                                }
                              ]
                            ],
                            "account_id": "string",
                            "bucket": "string",
                            "replica_kms_key_id": "string",
                            "storage_class": "string"
                          }
                        ]
                      ],
                      "filter": [
                        "list",
                        [
                          "object",
                          {
                            "prefix": "string",
                            "tags": [
                              "map",
                              "string"
                            ]
                          }
                        ]
                      ],
                      "id": "string",
                      "prefix": "string",
                      "priority": "number",
                      "source_selection_criteria": [
                        "list",
                        [
                          "object",
                          {
                            "sse_kms_encrypted_objects": [
                              "list",
                              [
                                "object",
                                {
                                  "enabled": "bool"
                                }
                              ]
                            ]
                          }
                        ]
                      ],
                      "status": "string"
                    }
                  ]
                ]
              }
            ]
          ],
          "request_payer": "string",
          "server_side_encryption_configuration": [
            "list",
            [
              "object",
              {
                "rule": [
                  "list",
                  [
                    "object",
                    {
                      "apply_server_side_encryption_by_default": [
                        "list",
                        [
                          "object",
                          {
                            "kms_master_key_id": "string",
                            "sse_algorithm": "string"
                          }
                        ]
                      ]
                    }
                  ]
                ]
              }
            ]
          ],
          "tags": [
            "map",
            "string"
          ],
          "versioning": [
            "list",
            [
              "object",
              {
                "enabled": "bool",
                "mfa_delete": "bool"
              }
            ]
          ],
          "website": [
            "list",
            [
              "object",
              {
                "error_document": "string",
                "index_document": "string",
                "redirect_all_requests_to": "string",
                "routing_rules": "string"
              }
            ]
          ],
          "website_domain": "string",
          "website_endpoint": "string"
        }
      ]
    }
  },
  "resources": [
    {
      "mode": "managed",
      "type": "aws_eip",
      "name": "lb",
      "provider": "provider[\"registry.terraform.io/hashicorp/aws\"]",
      "instances": [
        {
          "schema_version": 0,
          "attributes": {
            "allocation_id": null,
            "associate_with_private_ip": null,
            "association_id": "",
            "customer_owned_ip": "",
            "customer_owned_ipv4_pool": "",
            "domain": "vpc",
            "id": "eipalloc-0d1137126f66cc68e",
            "instance": "",
            "network_interface": "",
            "private_dns": null,
            "private_ip": "",
            "public_dns": "ec2-44-239-222-221.us-west-2.compute.amazonaws.com",
            "public_ip": "44.239.222.221",
            "public_ipv4_pool": "amazon",
            "tags": {},
            "timeouts": null,
            "vpc": true
          },
          "private": "eyJlMmJmYjczMC1lY2FhLTExZTYtOGY4OC0zNDM2M2JjN2M0YzAiOnsiZGVsZXRlIjoxODAwMDAwMDAwMDAsInJlYWQiOjkwMDAwMDAwMDAwMCwidXBkYXRlIjozMDAwMDAwMDAwMDB9fQ=="
        }
      ]
    }
  ]
}
